// !$*UTF8*$!
{
	archiveVersion = 1;
	classes = {
	};
	objectVersion = 56;
	objects = {

/* Begin PBXBuildFile section */
		BA40A6912CAEC9F70076FF1D /* WeatherApp.swift in Sources */ = {isa = PBXBuildFile; fileRef = BA40A6902CAEC9F70076FF1D /* WeatherApp.swift */; };
		BA40A6932CAEC9F70076FF1D /* ContentView.swift in Sources */ = {isa = PBXBuildFile; fileRef = BA40A6922CAEC9F70076FF1D /* ContentView.swift */; };
		BA40A6952CAEC9F90076FF1D /* Assets.xcassets in Resources */ = {isa = PBXBuildFile; fileRef = BA40A6942CAEC9F90076FF1D /* Assets.xcassets */; };
		BA40A6982CAEC9F90076FF1D /* Preview Assets.xcassets in Resources */ = {isa = PBXBuildFile; fileRef = BA40A6972CAEC9F90076FF1D /* Preview Assets.xcassets */; };
		BA40A6AB2CAECC1E0076FF1D /* LaunchScreen.swift in Sources */ = {isa = PBXBuildFile; fileRef = BA40A6AA2CAECC1E0076FF1D /* LaunchScreen.swift */; };
		BA40A6AE2CAECC8A0076FF1D /* Color+Extensions.swift in Sources */ = {isa = PBXBuildFile; fileRef = BA40A6AD2CAECC8A0076FF1D /* Color+Extensions.swift */; };
		BA40A6B02CAECCAD0076FF1D /* Image+Extensions.swift in Sources */ = {isa = PBXBuildFile; fileRef = BA40A6AF2CAECCAD0076FF1D /* Image+Extensions.swift */; };
		BA40A6B22CAECF7E0076FF1D /* Font+Extensions.swift in Sources */ = {isa = PBXBuildFile; fileRef = BA40A6B12CAECF7E0076FF1D /* Font+Extensions.swift */; };
		BA40A6B42CAED0F60076FF1D /* GoogleService-Info.plist in Resources */ = {isa = PBXBuildFile; fileRef = BA40A6B32CAED0F60076FF1D /* GoogleService-Info.plist */; };
		BA40A6B72CAED1740076FF1D /* FirebaseAnalytics in Frameworks */ = {isa = PBXBuildFile; productRef = BA40A6B62CAED1740076FF1D /* FirebaseAnalytics */; };
		BA40A6B92CAED1740076FF1D /* FirebaseAnalyticsOnDeviceConversion in Frameworks */ = {isa = PBXBuildFile; productRef = BA40A6B82CAED1740076FF1D /* FirebaseAnalyticsOnDeviceConversion */; };
		BA40A6BB2CAED1740076FF1D /* FirebaseAnalyticsWithoutAdIdSupport in Frameworks */ = {isa = PBXBuildFile; productRef = BA40A6BA2CAED1740076FF1D /* FirebaseAnalyticsWithoutAdIdSupport */; };
		BA40A6BD2CAED1740076FF1D /* FirebaseAppCheck in Frameworks */ = {isa = PBXBuildFile; productRef = BA40A6BC2CAED1740076FF1D /* FirebaseAppCheck */; };
		BA40A6BF2CAED1740076FF1D /* FirebaseAppDistribution-Beta in Frameworks */ = {isa = PBXBuildFile; productRef = BA40A6BE2CAED1740076FF1D /* FirebaseAppDistribution-Beta */; };
		BA40A6C22CAED3660076FF1D /* AuthenticationView.swift in Sources */ = {isa = PBXBuildFile; fileRef = BA40A6C12CAED3660076FF1D /* AuthenticationView.swift */; };
		BA40A6C42CAED7DE0076FF1D /* AppTheme.swift in Sources */ = {isa = PBXBuildFile; fileRef = BA40A6C32CAED7DE0076FF1D /* AppTheme.swift */; };
		BA40A6C62CAED81A0076FF1D /* BaseViewModel.swift in Sources */ = {isa = PBXBuildFile; fileRef = BA40A6C52CAED81A0076FF1D /* BaseViewModel.swift */; };
		BA40A6C92CAED85E0076FF1D /* LoginViewModel.swift in Sources */ = {isa = PBXBuildFile; fileRef = BA40A6C82CAED85E0076FF1D /* LoginViewModel.swift */; };
		BA40A6CC2CAED8C10076FF1D /* SessionManager.swift in Sources */ = {isa = PBXBuildFile; fileRef = BA40A6CB2CAED8C10076FF1D /* SessionManager.swift */; };
		BA40A6CE2CAED8F70076FF1D /* APIManager.swift in Sources */ = {isa = PBXBuildFile; fileRef = BA40A6CD2CAED8F70076FF1D /* APIManager.swift */; };
		BA40A6D02CAED9020076FF1D /* ServiceProvider.swift in Sources */ = {isa = PBXBuildFile; fileRef = BA40A6CF2CAED9020076FF1D /* ServiceProvider.swift */; };
		BA40A6D22CAED9150076FF1D /* EndPoint.swift in Sources */ = {isa = PBXBuildFile; fileRef = BA40A6D12CAED9150076FF1D /* EndPoint.swift */; };
		BA40A6D42CAED9220076FF1D /* ErrorResponse.swift in Sources */ = {isa = PBXBuildFile; fileRef = BA40A6D32CAED9220076FF1D /* ErrorResponse.swift */; };
		BA40A6D62CAED92B0076FF1D /* ErrorType.swift in Sources */ = {isa = PBXBuildFile; fileRef = BA40A6D52CAED92B0076FF1D /* ErrorType.swift */; };
		BA40A6DB2CAED9B80076FF1D /* UserService.swift in Sources */ = {isa = PBXBuildFile; fileRef = BA40A6DA2CAED9B80076FF1D /* UserService.swift */; };
		BA40A6DD2CAED9DD0076FF1D /* BaseService.swift in Sources */ = {isa = PBXBuildFile; fileRef = BA40A6DC2CAED9DD0076FF1D /* BaseService.swift */; };
		BA40A6DF2CAEDA4E0076FF1D /* GlobalHelpers.swift in Sources */ = {isa = PBXBuildFile; fileRef = BA40A6DE2CAEDA4E0076FF1D /* GlobalHelpers.swift */; };
		BA40A6E12CAEDABD0076FF1D /* Data+Extensions.swift in Sources */ = {isa = PBXBuildFile; fileRef = BA40A6E02CAEDABD0076FF1D /* Data+Extensions.swift */; };
		BA40A6E42CAEDBC60076FF1D /* LoginView.swift in Sources */ = {isa = PBXBuildFile; fileRef = BA40A6E32CAEDBC60076FF1D /* LoginView.swift */; };
/* End PBXBuildFile section */

/* Begin PBXFileReference section */
		BA40A68D2CAEC9F70076FF1D /* WeatherApp.app */ = {isa = PBXFileReference; explicitFileType = wrapper.application; includeInIndex = 0; path = WeatherApp.app; sourceTree = BUILT_PRODUCTS_DIR; };
		BA40A6902CAEC9F70076FF1D /* WeatherApp.swift */ = {isa = PBXFileReference; lastKnownFileType = sourcecode.swift; path = WeatherApp.swift; sourceTree = "<group>"; };
		BA40A6922CAEC9F70076FF1D /* ContentView.swift */ = {isa = PBXFileReference; lastKnownFileType = sourcecode.swift; path = ContentView.swift; sourceTree = "<group>"; };
		BA40A6942CAEC9F90076FF1D /* Assets.xcassets */ = {isa = PBXFileReference; lastKnownFileType = folder.assetcatalog; path = Assets.xcassets; sourceTree = "<group>"; };
		BA40A6972CAEC9F90076FF1D /* Preview Assets.xcassets */ = {isa = PBXFileReference; lastKnownFileType = folder.assetcatalog; path = "Preview Assets.xcassets"; sourceTree = "<group>"; };
		BA40A6AA2CAECC1E0076FF1D /* LaunchScreen.swift */ = {isa = PBXFileReference; lastKnownFileType = sourcecode.swift; path = LaunchScreen.swift; sourceTree = "<group>"; };
		BA40A6AD2CAECC8A0076FF1D /* Color+Extensions.swift */ = {isa = PBXFileReference; lastKnownFileType = sourcecode.swift; path = "Color+Extensions.swift"; sourceTree = "<group>"; };
		BA40A6AF2CAECCAD0076FF1D /* Image+Extensions.swift */ = {isa = PBXFileReference; lastKnownFileType = sourcecode.swift; path = "Image+Extensions.swift"; sourceTree = "<group>"; };
		BA40A6B12CAECF7E0076FF1D /* Font+Extensions.swift */ = {isa = PBXFileReference; lastKnownFileType = sourcecode.swift; path = "Font+Extensions.swift"; sourceTree = "<group>"; };
		BA40A6B32CAED0F60076FF1D /* GoogleService-Info.plist */ = {isa = PBXFileReference; fileEncoding = 4; lastKnownFileType = text.plist.xml; path = "GoogleService-Info.plist"; sourceTree = "<group>"; };
		BA40A6C12CAED3660076FF1D /* AuthenticationView.swift */ = {isa = PBXFileReference; lastKnownFileType = sourcecode.swift; path = AuthenticationView.swift; sourceTree = "<group>"; };
		BA40A6C32CAED7DE0076FF1D /* AppTheme.swift */ = {isa = PBXFileReference; lastKnownFileType = sourcecode.swift; path = AppTheme.swift; sourceTree = "<group>"; };
		BA40A6C52CAED81A0076FF1D /* BaseViewModel.swift */ = {isa = PBXFileReference; lastKnownFileType = sourcecode.swift; path = BaseViewModel.swift; sourceTree = "<group>"; };
		BA40A6C82CAED85E0076FF1D /* LoginViewModel.swift */ = {isa = PBXFileReference; lastKnownFileType = sourcecode.swift; path = LoginViewModel.swift; sourceTree = "<group>"; };
		BA40A6CB2CAED8C10076FF1D /* SessionManager.swift */ = {isa = PBXFileReference; lastKnownFileType = sourcecode.swift; path = SessionManager.swift; sourceTree = "<group>"; };
		BA40A6CD2CAED8F70076FF1D /* APIManager.swift */ = {isa = PBXFileReference; lastKnownFileType = sourcecode.swift; path = APIManager.swift; sourceTree = "<group>"; };
		BA40A6CF2CAED9020076FF1D /* ServiceProvider.swift */ = {isa = PBXFileReference; lastKnownFileType = sourcecode.swift; path = ServiceProvider.swift; sourceTree = "<group>"; };
		BA40A6D12CAED9150076FF1D /* EndPoint.swift */ = {isa = PBXFileReference; lastKnownFileType = sourcecode.swift; path = EndPoint.swift; sourceTree = "<group>"; };
		BA40A6D32CAED9220076FF1D /* ErrorResponse.swift */ = {isa = PBXFileReference; lastKnownFileType = sourcecode.swift; path = ErrorResponse.swift; sourceTree = "<group>"; };
		BA40A6D52CAED92B0076FF1D /* ErrorType.swift */ = {isa = PBXFileReference; lastKnownFileType = sourcecode.swift; path = ErrorType.swift; sourceTree = "<group>"; };
		BA40A6DA2CAED9B80076FF1D /* UserService.swift */ = {isa = PBXFileReference; lastKnownFileType = sourcecode.swift; path = UserService.swift; sourceTree = "<group>"; };
		BA40A6DC2CAED9DD0076FF1D /* BaseService.swift */ = {isa = PBXFileReference; lastKnownFileType = sourcecode.swift; path = BaseService.swift; sourceTree = "<group>"; };
		BA40A6DE2CAEDA4E0076FF1D /* GlobalHelpers.swift */ = {isa = PBXFileReference; lastKnownFileType = sourcecode.swift; path = GlobalHelpers.swift; sourceTree = "<group>"; };
		BA40A6E02CAEDABD0076FF1D /* Data+Extensions.swift */ = {isa = PBXFileReference; lastKnownFileType = sourcecode.swift; path = "Data+Extensions.swift"; sourceTree = "<group>"; };
		BA40A6E32CAEDBC60076FF1D /* LoginView.swift */ = {isa = PBXFileReference; lastKnownFileType = sourcecode.swift; path = LoginView.swift; sourceTree = "<group>"; };
/* End PBXFileReference section */

/* Begin PBXFrameworksBuildPhase section */
		BA40A68A2CAEC9F70076FF1D /* Frameworks */ = {
			isa = PBXFrameworksBuildPhase;
			buildActionMask = 2147483647;
			files = (
				BA40A6BD2CAED1740076FF1D /* FirebaseAppCheck in Frameworks */,
				BA40A6B72CAED1740076FF1D /* FirebaseAnalytics in Frameworks */,
				BA40A6BF2CAED1740076FF1D /* FirebaseAppDistribution-Beta in Frameworks */,
				BA40A6BB2CAED1740076FF1D /* FirebaseAnalyticsWithoutAdIdSupport in Frameworks */,
				BA40A6B92CAED1740076FF1D /* FirebaseAnalyticsOnDeviceConversion in Frameworks */,
			);
			runOnlyForDeploymentPostprocessing = 0;
		};
/* End PBXFrameworksBuildPhase section */

/* Begin PBXGroup section */
		BA40A6842CAEC9F60076FF1D = {
			isa = PBXGroup;
			children = (
				BA40A68F2CAEC9F70076FF1D /* WeatherApp */,
				BA40A68E2CAEC9F70076FF1D /* Products */,
			);
			sourceTree = "<group>";
		};
		BA40A68E2CAEC9F70076FF1D /* Products */ = {
			isa = PBXGroup;
			children = (
				BA40A68D2CAEC9F70076FF1D /* WeatherApp.app */,
			);
			name = Products;
			sourceTree = "<group>";
		};
		BA40A68F2CAEC9F70076FF1D /* WeatherApp */ = {
			isa = PBXGroup;
			children = (
				BA40A69E2CAECA7C0076FF1D /* App */,
				BA40A69F2CAECAE70076FF1D /* View */,
				BA40A6A12CAECB010076FF1D /* Models */,
				BA40A6A22CAECB060076FF1D /* Network */,
				BA40A6A02CAECAF80076FF1D /* ViewModel */,
				BA40A6A52CAECB210076FF1D /* Managers */,
				BA40A6A32CAECB140076FF1D /* Utils */,
				BA40A6A42CAECB190076FF1D /* Persistence */,
				BA40A6A62CAECB280076FF1D /* Resources */,
				BA40A6B32CAED0F60076FF1D /* GoogleService-Info.plist */,
				BA40A6942CAEC9F90076FF1D /* Assets.xcassets */,
				BA40A6962CAEC9F90076FF1D /* Preview Content */,
			);
			path = WeatherApp;
			sourceTree = "<group>";
		};
		BA40A6962CAEC9F90076FF1D /* Preview Content */ = {
			isa = PBXGroup;
			children = (
				BA40A6972CAEC9F90076FF1D /* Preview Assets.xcassets */,
			);
			path = "Preview Content";
			sourceTree = "<group>";
		};
		BA40A69E2CAECA7C0076FF1D /* App */ = {
			isa = PBXGroup;
			children = (
				BA40A6902CAEC9F70076FF1D /* WeatherApp.swift */,
			);
			path = App;
			sourceTree = "<group>";
		};
		BA40A69F2CAECAE70076FF1D /* View */ = {
			isa = PBXGroup;
			children = (
				BA40A6A82CAECBFC0076FF1D /* SceneModules */,
				BA40A6922CAEC9F70076FF1D /* ContentView.swift */,
			);
			path = View;
			sourceTree = "<group>";
		};
		BA40A6A02CAECAF80076FF1D /* ViewModel */ = {
			isa = PBXGroup;
			children = (
				BA40A6C72CAED84F0076FF1D /* Login */,
				BA40A6C52CAED81A0076FF1D /* BaseViewModel.swift */,
			);
			path = ViewModel;
			sourceTree = "<group>";
		};
		BA40A6A12CAECB010076FF1D /* Models */ = {
			isa = PBXGroup;
			children = (
			);
			path = Models;
			sourceTree = "<group>";
		};
		BA40A6A22CAECB060076FF1D /* Network */ = {
			isa = PBXGroup;
			children = (
				BA40A6D72CAED9930076FF1D /* Services */,
				BA40A6CD2CAED8F70076FF1D /* APIManager.swift */,
				BA40A6CF2CAED9020076FF1D /* ServiceProvider.swift */,
				BA40A6D12CAED9150076FF1D /* EndPoint.swift */,
				BA40A6D32CAED9220076FF1D /* ErrorResponse.swift */,
				BA40A6D52CAED92B0076FF1D /* ErrorType.swift */,
			);
			path = Network;
			sourceTree = "<group>";
		};
		BA40A6A32CAECB140076FF1D /* Utils */ = {
			isa = PBXGroup;
			children = (
				BA40A6AC2CAECC780076FF1D /* Extensions */,
				BA40A6C32CAED7DE0076FF1D /* AppTheme.swift */,
				BA40A6DE2CAEDA4E0076FF1D /* GlobalHelpers.swift */,
			);
			path = Utils;
			sourceTree = "<group>";
		};
		BA40A6A42CAECB190076FF1D /* Persistence */ = {
			isa = PBXGroup;
			children = (
			);
			path = Persistence;
			sourceTree = "<group>";
		};
		BA40A6A52CAECB210076FF1D /* Managers */ = {
			isa = PBXGroup;
			children = (
				BA40A6CA2CAED8AF0076FF1D /* SessionManager */,
			);
			path = Managers;
			sourceTree = "<group>";
		};
		BA40A6A62CAECB280076FF1D /* Resources */ = {
			isa = PBXGroup;
			children = (
			);
			path = Resources;
			sourceTree = "<group>";
		};
		BA40A6A82CAECBFC0076FF1D /* SceneModules */ = {
			isa = PBXGroup;
			children = (
				BA40A6C02CAED3420076FF1D /* Authentication */,
				BA40A6A92CAECC0D0076FF1D /* LaunchScreen */,
			);
			path = SceneModules;
			sourceTree = "<group>";
		};
		BA40A6A92CAECC0D0076FF1D /* LaunchScreen */ = {
			isa = PBXGroup;
			children = (
				BA40A6AA2CAECC1E0076FF1D /* LaunchScreen.swift */,
			);
			path = LaunchScreen;
			sourceTree = "<group>";
		};
		BA40A6AC2CAECC780076FF1D /* Extensions */ = {
			isa = PBXGroup;
			children = (
				BA40A6AD2CAECC8A0076FF1D /* Color+Extensions.swift */,
				BA40A6AF2CAECCAD0076FF1D /* Image+Extensions.swift */,
				BA40A6B12CAECF7E0076FF1D /* Font+Extensions.swift */,
				BA40A6E02CAEDABD0076FF1D /* Data+Extensions.swift */,
			);
			path = Extensions;
			sourceTree = "<group>";
		};
		BA40A6C02CAED3420076FF1D /* Authentication */ = {
			isa = PBXGroup;
			children = (
				BA40A6E22CAEDBBA0076FF1D /* Login */,
				BA40A6C12CAED3660076FF1D /* AuthenticationView.swift */,
			);
			path = Authentication;
			sourceTree = "<group>";
		};
		BA40A6C72CAED84F0076FF1D /* Login */ = {
			isa = PBXGroup;
			children = (
				BA40A6C82CAED85E0076FF1D /* LoginViewModel.swift */,
			);
			path = Login;
			sourceTree = "<group>";
		};
		BA40A6CA2CAED8AF0076FF1D /* SessionManager */ = {
			isa = PBXGroup;
			children = (
				BA40A6CB2CAED8C10076FF1D /* SessionManager.swift */,
			);
			path = SessionManager;
			sourceTree = "<group>";
		};
		BA40A6D72CAED9930076FF1D /* Services */ = {
			isa = PBXGroup;
			children = (
				BA40A6D92CAED9AB0076FF1D /* User */,
				BA40A6DC2CAED9DD0076FF1D /* BaseService.swift */,
			);
			path = Services;
			sourceTree = "<group>";
		};
		BA40A6D92CAED9AB0076FF1D /* User */ = {
			isa = PBXGroup;
			children = (
				BA40A6DA2CAED9B80076FF1D /* UserService.swift */,
			);
			path = User;
			sourceTree = "<group>";
		};
		BA40A6E22CAEDBBA0076FF1D /* Login */ = {
			isa = PBXGroup;
			children = (
				BA40A6E32CAEDBC60076FF1D /* LoginView.swift */,
			);
			path = Login;
			sourceTree = "<group>";
		};
/* End PBXGroup section */

/* Begin PBXNativeTarget section */
		BA40A68C2CAEC9F70076FF1D /* WeatherApp */ = {
			isa = PBXNativeTarget;
			buildConfigurationList = BA40A69B2CAEC9F90076FF1D /* Build configuration list for PBXNativeTarget "WeatherApp" */;
			buildPhases = (
				BA40A6892CAEC9F70076FF1D /* Sources */,
				BA40A68A2CAEC9F70076FF1D /* Frameworks */,
				BA40A68B2CAEC9F70076FF1D /* Resources */,
			);
			buildRules = (
			);
			dependencies = (
			);
			name = WeatherApp;
			packageProductDependencies = (
				BA40A6B62CAED1740076FF1D /* FirebaseAnalytics */,
				BA40A6B82CAED1740076FF1D /* FirebaseAnalyticsOnDeviceConversion */,
				BA40A6BA2CAED1740076FF1D /* FirebaseAnalyticsWithoutAdIdSupport */,
				BA40A6BC2CAED1740076FF1D /* FirebaseAppCheck */,
				BA40A6BE2CAED1740076FF1D /* FirebaseAppDistribution-Beta */,
			);
			productName = WeatherApp;
			productReference = BA40A68D2CAEC9F70076FF1D /* WeatherApp.app */;
			productType = "com.apple.product-type.application";
		};
/* End PBXNativeTarget section */

/* Begin PBXProject section */
		BA40A6852CAEC9F60076FF1D /* Project object */ = {
			isa = PBXProject;
			attributes = {
				BuildIndependentTargetsInParallel = 1;
				LastSwiftUpdateCheck = 1520;
				LastUpgradeCheck = 1520;
				TargetAttributes = {
					BA40A68C2CAEC9F70076FF1D = {
						CreatedOnToolsVersion = 15.2;
					};
				};
			};
			buildConfigurationList = BA40A6882CAEC9F60076FF1D /* Build configuration list for PBXProject "WeatherApp" */;
			compatibilityVersion = "Xcode 14.0";
			developmentRegion = en;
			hasScannedForEncodings = 0;
			knownRegions = (
				en,
				Base,
			);
			mainGroup = BA40A6842CAEC9F60076FF1D;
			packageReferences = (
				BA40A6B52CAED1740076FF1D /* XCRemoteSwiftPackageReference "firebase-ios-sdk" */,
			);
			productRefGroup = BA40A68E2CAEC9F70076FF1D /* Products */;
			projectDirPath = "";
			projectRoot = "";
			targets = (
				BA40A68C2CAEC9F70076FF1D /* WeatherApp */,
			);
		};
/* End PBXProject section */

/* Begin PBXResourcesBuildPhase section */
		BA40A68B2CAEC9F70076FF1D /* Resources */ = {
			isa = PBXResourcesBuildPhase;
			buildActionMask = 2147483647;
			files = (
				BA40A6982CAEC9F90076FF1D /* Preview Assets.xcassets in Resources */,
				BA40A6952CAEC9F90076FF1D /* Assets.xcassets in Resources */,
				BA40A6B42CAED0F60076FF1D /* GoogleService-Info.plist in Resources */,
			);
			runOnlyForDeploymentPostprocessing = 0;
		};
/* End PBXResourcesBuildPhase section */

/* Begin PBXSourcesBuildPhase section */
		BA40A6892CAEC9F70076FF1D /* Sources */ = {
			isa = PBXSourcesBuildPhase;
			buildActionMask = 2147483647;
			files = (
				BA40A6D42CAED9220076FF1D /* ErrorResponse.swift in Sources */,
				BA40A6CE2CAED8F70076FF1D /* APIManager.swift in Sources */,
				BA40A6B22CAECF7E0076FF1D /* Font+Extensions.swift in Sources */,
				BA40A6932CAEC9F70076FF1D /* ContentView.swift in Sources */,
				BA40A6B02CAECCAD0076FF1D /* Image+Extensions.swift in Sources */,
				BA40A6C22CAED3660076FF1D /* AuthenticationView.swift in Sources */,
				BA40A6DB2CAED9B80076FF1D /* UserService.swift in Sources */,
				BA40A6D62CAED92B0076FF1D /* ErrorType.swift in Sources */,
				BA40A6DD2CAED9DD0076FF1D /* BaseService.swift in Sources */,
				BA40A6E12CAEDABD0076FF1D /* Data+Extensions.swift in Sources */,
				BA40A6912CAEC9F70076FF1D /* WeatherApp.swift in Sources */,
				BA40A6C62CAED81A0076FF1D /* BaseViewModel.swift in Sources */,
				BA40A6C42CAED7DE0076FF1D /* AppTheme.swift in Sources */,
				BA40A6AB2CAECC1E0076FF1D /* LaunchScreen.swift in Sources */,
				BA40A6C92CAED85E0076FF1D /* LoginViewModel.swift in Sources */,
				BA40A6E42CAEDBC60076FF1D /* LoginView.swift in Sources */,
				BA40A6D02CAED9020076FF1D /* ServiceProvider.swift in Sources */,
				BA40A6AE2CAECC8A0076FF1D /* Color+Extensions.swift in Sources */,
				BA40A6DF2CAEDA4E0076FF1D /* GlobalHelpers.swift in Sources */,
				BA40A6D22CAED9150076FF1D /* EndPoint.swift in Sources */,
				BA40A6CC2CAED8C10076FF1D /* SessionManager.swift in Sources */,
			);
			runOnlyForDeploymentPostprocessing = 0;
		};
/* End PBXSourcesBuildPhase section */

/* Begin XCBuildConfiguration section */
		BA40A6992CAEC9F90076FF1D /* Debug */ = {
			isa = XCBuildConfiguration;
			buildSettings = {
				ALWAYS_SEARCH_USER_PATHS = NO;
				ASSETCATALOG_COMPILER_GENERATE_SWIFT_ASSET_SYMBOL_EXTENSIONS = YES;
				CLANG_ANALYZER_NONNULL = YES;
				CLANG_ANALYZER_NUMBER_OBJECT_CONVERSION = YES_AGGRESSIVE;
				CLANG_CXX_LANGUAGE_STANDARD = "gnu++20";
				CLANG_ENABLE_MODULES = YES;
				CLANG_ENABLE_OBJC_ARC = YES;
				CLANG_ENABLE_OBJC_WEAK = YES;
				CLANG_WARN_BLOCK_CAPTURE_AUTORELEASING = YES;
				CLANG_WARN_BOOL_CONVERSION = YES;
				CLANG_WARN_COMMA = YES;
				CLANG_WARN_CONSTANT_CONVERSION = YES;
				CLANG_WARN_DEPRECATED_OBJC_IMPLEMENTATIONS = YES;
				CLANG_WARN_DIRECT_OBJC_ISA_USAGE = YES_ERROR;
				CLANG_WARN_DOCUMENTATION_COMMENTS = YES;
				CLANG_WARN_EMPTY_BODY = YES;
				CLANG_WARN_ENUM_CONVERSION = YES;
				CLANG_WARN_INFINITE_RECURSION = YES;
				CLANG_WARN_INT_CONVERSION = YES;
				CLANG_WARN_NON_LITERAL_NULL_CONVERSION = YES;
				CLANG_WARN_OBJC_IMPLICIT_RETAIN_SELF = YES;
				CLANG_WARN_OBJC_LITERAL_CONVERSION = YES;
				CLANG_WARN_OBJC_ROOT_CLASS = YES_ERROR;
				CLANG_WARN_QUOTED_INCLUDE_IN_FRAMEWORK_HEADER = YES;
				CLANG_WARN_RANGE_LOOP_ANALYSIS = YES;
				CLANG_WARN_STRICT_PROTOTYPES = YES;
				CLANG_WARN_SUSPICIOUS_MOVE = YES;
				CLANG_WARN_UNGUARDED_AVAILABILITY = YES_AGGRESSIVE;
				CLANG_WARN_UNREACHABLE_CODE = YES;
				CLANG_WARN__DUPLICATE_METHOD_MATCH = YES;
				COPY_PHASE_STRIP = NO;
				DEBUG_INFORMATION_FORMAT = dwarf;
				ENABLE_STRICT_OBJC_MSGSEND = YES;
				ENABLE_TESTABILITY = YES;
				ENABLE_USER_SCRIPT_SANDBOXING = YES;
				GCC_C_LANGUAGE_STANDARD = gnu17;
				GCC_DYNAMIC_NO_PIC = NO;
				GCC_NO_COMMON_BLOCKS = YES;
				GCC_OPTIMIZATION_LEVEL = 0;
				GCC_PREPROCESSOR_DEFINITIONS = (
					"DEBUG=1",
					"$(inherited)",
				);
				GCC_WARN_64_TO_32_BIT_CONVERSION = YES;
				GCC_WARN_ABOUT_RETURN_TYPE = YES_ERROR;
				GCC_WARN_UNDECLARED_SELECTOR = YES;
				GCC_WARN_UNINITIALIZED_AUTOS = YES_AGGRESSIVE;
				GCC_WARN_UNUSED_FUNCTION = YES;
				GCC_WARN_UNUSED_VARIABLE = YES;
				IPHONEOS_DEPLOYMENT_TARGET = 17.2;
				LOCALIZATION_PREFERS_STRING_CATALOGS = YES;
				MTL_ENABLE_DEBUG_INFO = INCLUDE_SOURCE;
				MTL_FAST_MATH = YES;
				ONLY_ACTIVE_ARCH = YES;
				SDKROOT = iphoneos;
				SWIFT_ACTIVE_COMPILATION_CONDITIONS = "DEBUG $(inherited)";
				SWIFT_OPTIMIZATION_LEVEL = "-Onone";
			};
			name = Debug;
		};
		BA40A69A2CAEC9F90076FF1D /* Release */ = {
			isa = XCBuildConfiguration;
			buildSettings = {
				ALWAYS_SEARCH_USER_PATHS = NO;
				ASSETCATALOG_COMPILER_GENERATE_SWIFT_ASSET_SYMBOL_EXTENSIONS = YES;
				CLANG_ANALYZER_NONNULL = YES;
				CLANG_ANALYZER_NUMBER_OBJECT_CONVERSION = YES_AGGRESSIVE;
				CLANG_CXX_LANGUAGE_STANDARD = "gnu++20";
				CLANG_ENABLE_MODULES = YES;
				CLANG_ENABLE_OBJC_ARC = YES;
				CLANG_ENABLE_OBJC_WEAK = YES;
				CLANG_WARN_BLOCK_CAPTURE_AUTORELEASING = YES;
				CLANG_WARN_BOOL_CONVERSION = YES;
				CLANG_WARN_COMMA = YES;
				CLANG_WARN_CONSTANT_CONVERSION = YES;
				CLANG_WARN_DEPRECATED_OBJC_IMPLEMENTATIONS = YES;
				CLANG_WARN_DIRECT_OBJC_ISA_USAGE = YES_ERROR;
				CLANG_WARN_DOCUMENTATION_COMMENTS = YES;
				CLANG_WARN_EMPTY_BODY = YES;
				CLANG_WARN_ENUM_CONVERSION = YES;
				CLANG_WARN_INFINITE_RECURSION = YES;
				CLANG_WARN_INT_CONVERSION = YES;
				CLANG_WARN_NON_LITERAL_NULL_CONVERSION = YES;
				CLANG_WARN_OBJC_IMPLICIT_RETAIN_SELF = YES;
				CLANG_WARN_OBJC_LITERAL_CONVERSION = YES;
				CLANG_WARN_OBJC_ROOT_CLASS = YES_ERROR;
				CLANG_WARN_QUOTED_INCLUDE_IN_FRAMEWORK_HEADER = YES;
				CLANG_WARN_RANGE_LOOP_ANALYSIS = YES;
				CLANG_WARN_STRICT_PROTOTYPES = YES;
				CLANG_WARN_SUSPICIOUS_MOVE = YES;
				CLANG_WARN_UNGUARDED_AVAILABILITY = YES_AGGRESSIVE;
				CLANG_WARN_UNREACHABLE_CODE = YES;
				CLANG_WARN__DUPLICATE_METHOD_MATCH = YES;
				COPY_PHASE_STRIP = NO;
				DEBUG_INFORMATION_FORMAT = "dwarf-with-dsym";
				ENABLE_NS_ASSERTIONS = NO;
				ENABLE_STRICT_OBJC_MSGSEND = YES;
				ENABLE_USER_SCRIPT_SANDBOXING = YES;
				GCC_C_LANGUAGE_STANDARD = gnu17;
				GCC_NO_COMMON_BLOCKS = YES;
				GCC_WARN_64_TO_32_BIT_CONVERSION = YES;
				GCC_WARN_ABOUT_RETURN_TYPE = YES_ERROR;
				GCC_WARN_UNDECLARED_SELECTOR = YES;
				GCC_WARN_UNINITIALIZED_AUTOS = YES_AGGRESSIVE;
				GCC_WARN_UNUSED_FUNCTION = YES;
				GCC_WARN_UNUSED_VARIABLE = YES;
				IPHONEOS_DEPLOYMENT_TARGET = 17.2;
				LOCALIZATION_PREFERS_STRING_CATALOGS = YES;
				MTL_ENABLE_DEBUG_INFO = NO;
				MTL_FAST_MATH = YES;
				SDKROOT = iphoneos;
				SWIFT_COMPILATION_MODE = wholemodule;
				VALIDATE_PRODUCT = YES;
			};
			name = Release;
		};
		BA40A69C2CAEC9F90076FF1D /* Debug */ = {
			isa = XCBuildConfiguration;
			buildSettings = {
				ASSETCATALOG_COMPILER_APPICON_NAME = AppIcon;
				ASSETCATALOG_COMPILER_GLOBAL_ACCENT_COLOR_NAME = AccentColor;
				CODE_SIGN_STYLE = Automatic;
				CURRENT_PROJECT_VERSION = 1;
				DEVELOPMENT_ASSET_PATHS = "\"WeatherApp/Preview Content\"";
				DEVELOPMENT_TEAM = UDN38C656M;
				ENABLE_PREVIEWS = YES;
				GENERATE_INFOPLIST_FILE = YES;
				INFOPLIST_KEY_UIApplicationSceneManifest_Generation = YES;
				INFOPLIST_KEY_UIApplicationSupportsIndirectInputEvents = YES;
				INFOPLIST_KEY_UILaunchScreen_Generation = YES;
				INFOPLIST_KEY_UISupportedInterfaceOrientations_iPad = "UIInterfaceOrientationPortrait UIInterfaceOrientationPortraitUpsideDown UIInterfaceOrientationLandscapeLeft UIInterfaceOrientationLandscapeRight";
				INFOPLIST_KEY_UISupportedInterfaceOrientations_iPhone = "UIInterfaceOrientationPortrait UIInterfaceOrientationLandscapeLeft UIInterfaceOrientationLandscapeRight";
				LD_RUNPATH_SEARCH_PATHS = (
					"$(inherited)",
					"@executable_path/Frameworks",
				);
				MARKETING_VERSION = 1.0;
				PRODUCT_BUNDLE_IDENTIFIER = com.sinantanrikut.WeatherApp;
				PRODUCT_NAME = "$(TARGET_NAME)";
				SWIFT_EMIT_LOC_STRINGS = YES;
				SWIFT_VERSION = 5.0;
				TARGETED_DEVICE_FAMILY = "1,2";
			};
			name = Debug;
		};
		BA40A69D2CAEC9F90076FF1D /* Release */ = {
			isa = XCBuildConfiguration;
			buildSettings = {
				ASSETCATALOG_COMPILER_APPICON_NAME = AppIcon;
				ASSETCATALOG_COMPILER_GLOBAL_ACCENT_COLOR_NAME = AccentColor;
				CODE_SIGN_STYLE = Automatic;
				CURRENT_PROJECT_VERSION = 1;
				DEVELOPMENT_ASSET_PATHS = "\"WeatherApp/Preview Content\"";
				DEVELOPMENT_TEAM = UDN38C656M;
				ENABLE_PREVIEWS = YES;
				GENERATE_INFOPLIST_FILE = YES;
				INFOPLIST_KEY_UIApplicationSceneManifest_Generation = YES;
				INFOPLIST_KEY_UIApplicationSupportsIndirectInputEvents = YES;
				INFOPLIST_KEY_UILaunchScreen_Generation = YES;
				INFOPLIST_KEY_UISupportedInterfaceOrientations_iPad = "UIInterfaceOrientationPortrait UIInterfaceOrientationPortraitUpsideDown UIInterfaceOrientationLandscapeLeft UIInterfaceOrientationLandscapeRight";
				INFOPLIST_KEY_UISupportedInterfaceOrientations_iPhone = "UIInterfaceOrientationPortrait UIInterfaceOrientationLandscapeLeft UIInterfaceOrientationLandscapeRight";
				LD_RUNPATH_SEARCH_PATHS = (
					"$(inherited)",
					"@executable_path/Frameworks",
				);
				MARKETING_VERSION = 1.0;
				PRODUCT_BUNDLE_IDENTIFIER = com.sinantanrikut.WeatherApp;
				PRODUCT_NAME = "$(TARGET_NAME)";
				SWIFT_EMIT_LOC_STRINGS = YES;
				SWIFT_VERSION = 5.0;
				TARGETED_DEVICE_FAMILY = "1,2";
			};
			name = Release;
		};
/* End XCBuildConfiguration section */

/* Begin XCConfigurationList section */
		BA40A6882CAEC9F60076FF1D /* Build configuration list for PBXProject "WeatherApp" */ = {
			isa = XCConfigurationList;
			buildConfigurations = (
				BA40A6992CAEC9F90076FF1D /* Debug */,
				BA40A69A2CAEC9F90076FF1D /* Release */,
			);
			defaultConfigurationIsVisible = 0;
			defaultConfigurationName = Release;
		};
		BA40A69B2CAEC9F90076FF1D /* Build configuration list for PBXNativeTarget "WeatherApp" */ = {
			isa = XCConfigurationList;
			buildConfigurations = (
				BA40A69C2CAEC9F90076FF1D /* Debug */,
				BA40A69D2CAEC9F90076FF1D /* Release */,
			);
			defaultConfigurationIsVisible = 0;
			defaultConfigurationName = Release;
		};
/* End XCConfigurationList section */

/* Begin XCRemoteSwiftPackageReference section */
		BA40A6B52CAED1740076FF1D /* XCRemoteSwiftPackageReference "firebase-ios-sdk" */ = {
			isa = XCRemoteSwiftPackageReference;
			repositoryURL = "https://github.com/firebase/firebase-ios-sdk.git";
			requirement = {
				kind = upToNextMajorVersion;
				minimumVersion = 11.3.0;
			};
		};
/* End XCRemoteSwiftPackageReference section */

/* Begin XCSwiftPackageProductDependency section */
		BA40A6B62CAED1740076FF1D /* FirebaseAnalytics */ = {
			isa = XCSwiftPackageProductDependency;
			package = BA40A6B52CAED1740076FF1D /* XCRemoteSwiftPackageReference "firebase-ios-sdk" */;
			productName = FirebaseAnalytics;
		};
		BA40A6B82CAED1740076FF1D /* FirebaseAnalyticsOnDeviceConversion */ = {
			isa = XCSwiftPackageProductDependency;
			package = BA40A6B52CAED1740076FF1D /* XCRemoteSwiftPackageReference "firebase-ios-sdk" */;
			productName = FirebaseAnalyticsOnDeviceConversion;
		};
		BA40A6BA2CAED1740076FF1D /* FirebaseAnalyticsWithoutAdIdSupport */ = {
			isa = XCSwiftPackageProductDependency;
			package = BA40A6B52CAED1740076FF1D /* XCRemoteSwiftPackageReference "firebase-ios-sdk" */;
			productName = FirebaseAnalyticsWithoutAdIdSupport;
		};
		BA40A6BC2CAED1740076FF1D /* FirebaseAppCheck */ = {
			isa = XCSwiftPackageProductDependency;
			package = BA40A6B52CAED1740076FF1D /* XCRemoteSwiftPackageReference "firebase-ios-sdk" */;
			productName = FirebaseAppCheck;
		};
		BA40A6BE2CAED1740076FF1D /* FirebaseAppDistribution-Beta */ = {
			isa = XCSwiftPackageProductDependency;
			package = BA40A6B52CAED1740076FF1D /* XCRemoteSwiftPackageReference "firebase-ios-sdk" */;
			productName = "FirebaseAppDistribution-Beta";
		};
/* End XCSwiftPackageProductDependency section */
	};
	rootObject = BA40A6852CAEC9F60076FF1D /* Project object */;
}
